
Microsoft Visual Studio Solution File, Format Version 12.00
# Visual Studio Version 17
VisualStudioVersion = 17.14.36121.58 d17.14
MinimumVisualStudioVersion = 10.0.40219.1
Project("{FAE04EC0-301F-11D3-BF4B-00C04F79EFBC}") = "Randomizer", "Randomizer.csproj", "{765A4B1E-520F-45D0-95A8-D05AD1298234}"
EndProject
Global
	GlobalSection(SolutionConfigurationPlatforms) = preSolution
		Debug|Any CPU = Debug|Any CPU
		Release|Any CPU = Release|Any CPU
	EndGlobalSection
	GlobalSection(ProjectConfigurationPlatforms) = postSolution
		{765A4B1E-520F-45D0-95A8-D05AD1298234}.Debug|Any CPU.ActiveCfg = Debug|Any CPU
		{765A4B1E-520F-45D0-95A8-D05AD1298234}.Debug|Any CPU.Build.0 = Debug|Any CPU
		{765A4B1E-520F-45D0-95A8-D05AD1298234}.Release|Any CPU.ActiveCfg = Release|Any CPU
		{765A4B1E-520F-45D0-95A8-D05AD1298234}.Release|Any CPU.Build.0 = Release|Any CPU
	EndGlobalSection
	GlobalSection(SolutionProperties) = preSolution
		HideSolutionNode = FALSE
	EndGlobalSection
	GlobalSection(ExtensibilityGlobals) = postSolution
		SolutionGuid = {52A1ACF7-39B5-4655-BE10-E72D210CEED9}
	EndGlobalSection
EndGlobal
